
Microsoft Visual Studio Solution File, Format Version 12.00
Project("{FAE04EC0-301F-11D3-BF4B-00C04F79EFBC}") = "PeopleManagerApp", "PeopleManagerApp\PeopleManagerApp.csproj", "{B867CCA5-D8C5-4352-A8DB-0B485189EFF1}"
EndProject
Global
	GlobalSection(SolutionConfigurationPlatforms) = preSolution
		Debug|Any CPU = Debug|Any CPU
		Release|Any CPU = Release|Any CPU
	EndGlobalSection
	GlobalSection(ProjectConfigurationPlatforms) = postSolution
		{B867CCA5-D8C5-4352-A8DB-0B485189EFF1}.Debug|Any CPU.ActiveCfg = Debug|Any CPU
		{B867CCA5-D8C5-4352-A8DB-0B485189EFF1}.Debug|Any CPU.Build.0 = Debug|Any CPU
		{B867CCA5-D8C5-4352-A8DB-0B485189EFF1}.Release|Any CPU.ActiveCfg = Release|Any CPU
		{B867CCA5-D8C5-4352-A8DB-0B485189EFF1}.Release|Any CPU.Build.0 = Release|Any CPU
	EndGlobalSection
EndGlobal
